
Microsoft Visual Studio Solution File, Format Version 12.00
# Visual Studio Version 16
VisualStudioVersion = 16.0.30413.136
MinimumVisualStudioVersion = 10.0.40219.1
Project("{FAE04EC0-301F-11D3-BF4B-00C04F79EFBC}") = "HumanResources", "HumanResources\HumanResources.csproj", "{CF50B258-62B7-493A-89B2-E9FED7F86F1D}"
EndProject
Global
	GlobalSection(SolutionConfigurationPlatforms) = preSolution
		Debug|Any CPU = Debug|Any CPU
		Release|Any CPU = Release|Any CPU
	EndGlobalSection
	GlobalSection(ProjectConfigurationPlatforms) = postSolution
		{CF50B258-62B7-493A-89B2-E9FED7F86F1D}.Debug|Any CPU.ActiveCfg = Debug|Any CPU
		{CF50B258-62B7-493A-89B2-E9FED7F86F1D}.Debug|Any CPU.Build.0 = Debug|Any CPU
		{CF50B258-62B7-493A-89B2-E9FED7F86F1D}.Release|Any CPU.ActiveCfg = Release|Any CPU
		{CF50B258-62B7-493A-89B2-E9FED7F86F1D}.Release|Any CPU.Build.0 = Release|Any CPU
	EndGlobalSection
	GlobalSection(SolutionProperties) = preSolution
		HideSolutionNode = FALSE
	EndGlobalSection
	GlobalSection(ExtensibilityGlobals) = postSolution
		SolutionGuid = {ACDE4AC0-3E81-4C1A-AEEC-23213F74C7BC}
	EndGlobalSection
EndGlobal
